// !$*UTF8*$!
{
	archiveVersion = 1;
	classes = {
	};
	objectVersion = 56;
	objects = {

/* Begin PBXBuildFile section */
		B41860E32C7DEBDD00B89C61 /* FirebaseFirestore in Frameworks */ = {isa = PBXBuildFile; productRef = B41860E22C7DEBDD00B89C61 /* FirebaseFirestore */; };
		B41860E52C7DF20C00B89C61 /* UserManager.swift in Sources */ = {isa = PBXBuildFile; fileRef = B41860E42C7DF20C00B89C61 /* UserManager.swift */; };
		B435D0272C80956600CEC292 /* StorageManager.swift in Sources */ = {isa = PBXBuildFile; fileRef = B435D0262C80956600CEC292 /* StorageManager.swift */; };
		B435D0292C80D8D500CEC292 /* FirebaseStorage in Frameworks */ = {isa = PBXBuildFile; productRef = B435D0282C80D8D500CEC292 /* FirebaseStorage */; };
		B435D02D2C82FDB600CEC292 /* ProfileTabViewModel.swift in Sources */ = {isa = PBXBuildFile; fileRef = B435D02C2C82FDB600CEC292 /* ProfileTabViewModel.swift */; };
		B435D02F2C82FEC200CEC292 /* AuthDataResultModel.swift in Sources */ = {isa = PBXBuildFile; fileRef = B435D02E2C82FEC200CEC292 /* AuthDataResultModel.swift */; };
		B435D0312C82FEEB00CEC292 /* UserModel.swift in Sources */ = {isa = PBXBuildFile; fileRef = B435D0302C82FEEB00CEC292 /* UserModel.swift */; };
		B46BF9A22C2463E4007EDF65 /* PortfolioDataService.swift in Sources */ = {isa = PBXBuildFile; fileRef = B46BF9A12C2463E4007EDF65 /* PortfolioDataService.swift */; };
		B46BF9A42C2494CE007EDF65 /* PortfolioRowView.swift in Sources */ = {isa = PBXBuildFile; fileRef = B46BF9A32C2494CE007EDF65 /* PortfolioRowView.swift */; };
		B46BF9A62C25625B007EDF65 /* HepticManager.swift in Sources */ = {isa = PBXBuildFile; fileRef = B46BF9A52C25625B007EDF65 /* HepticManager.swift */; };
		B46BF9A82C27EC25007EDF65 /* CoinChartModel.swift in Sources */ = {isa = PBXBuildFile; fileRef = B46BF9A72C27EC25007EDF65 /* CoinChartModel.swift */; };
		B46BF9AA2C27ECF2007EDF65 /* CoinChartDataService.swift in Sources */ = {isa = PBXBuildFile; fileRef = B46BF9A92C27ECF2007EDF65 /* CoinChartDataService.swift */; };
		B49D3B9E2C7084C700136A13 /* PortfolioTabView.swift in Sources */ = {isa = PBXBuildFile; fileRef = B49D3B9D2C7084C700136A13 /* PortfolioTabView.swift */; };
		B49D3BA42C70F5C300136A13 /* ProfileImagePicker.swift in Sources */ = {isa = PBXBuildFile; fileRef = B49D3BA32C70F5C300136A13 /* ProfileImagePicker.swift */; };
		B49D3BA82C71A54A00136A13 /* SignInView.swift in Sources */ = {isa = PBXBuildFile; fileRef = B49D3BA72C71A54A00136A13 /* SignInView.swift */; };
		B49D3BAA2C71C2CD00136A13 /* SignUPView.swift in Sources */ = {isa = PBXBuildFile; fileRef = B49D3BA92C71C2CD00136A13 /* SignUPView.swift */; };
		B49D3BAC2C71FB3A00136A13 /* SessionView.swift in Sources */ = {isa = PBXBuildFile; fileRef = B49D3BAB2C71FB3A00136A13 /* SessionView.swift */; };
		B4B02EF72C7A304D00201399 /* FirebaseAuth in Frameworks */ = {isa = PBXBuildFile; productRef = B4B02EF62C7A304D00201399 /* FirebaseAuth */; };
		B4B02EFD2C7A43D900201399 /* AuthenticationDataService.swift in Sources */ = {isa = PBXBuildFile; fileRef = B4B02EFC2C7A43D900201399 /* AuthenticationDataService.swift */; };
		B4B02F052C7D6F0C00201399 /* GoogleService-Info.plist in Resources */ = {isa = PBXBuildFile; fileRef = B4B02F032C7D6ED700201399 /* GoogleService-Info.plist */; };
		B4DF885C2C19C7A100C16184 /* CryptoWalletApp.swift in Sources */ = {isa = PBXBuildFile; fileRef = B4DF885B2C19C7A100C16184 /* CryptoWalletApp.swift */; };
		B4DF88602C19C7A200C16184 /* Assets.xcassets in Resources */ = {isa = PBXBuildFile; fileRef = B4DF885F2C19C7A200C16184 /* Assets.xcassets */; };
		B4DF88632C19C7A200C16184 /* Preview Assets.xcassets in Resources */ = {isa = PBXBuildFile; fileRef = B4DF88622C19C7A200C16184 /* Preview Assets.xcassets */; };
		B4DF88682C19C7A200C16184 /* PortfolioCointainer.xcdatamodeld in Sources */ = {isa = PBXBuildFile; fileRef = B4DF88662C19C7A200C16184 /* PortfolioCointainer.xcdatamodeld */; };
		B4DF88702C19D32E00C16184 /* ColorExtension.swift in Sources */ = {isa = PBXBuildFile; fileRef = B4DF886F2C19D32E00C16184 /* ColorExtension.swift */; };
		B4DF88762C19D4EB00C16184 /* HomeView.swift in Sources */ = {isa = PBXBuildFile; fileRef = B4DF88752C19D4EB00C16184 /* HomeView.swift */; };
		B4DF88792C19DCA600C16184 /* CircleButtonView.swift in Sources */ = {isa = PBXBuildFile; fileRef = B4DF88782C19DCA600C16184 /* CircleButtonView.swift */; };
		B4DF887B2C1B261500C16184 /* CircleButtonAnimationView.swift in Sources */ = {isa = PBXBuildFile; fileRef = B4DF887A2C1B261500C16184 /* CircleButtonAnimationView.swift */; };
		B4DF887E2C1C2B0D00C16184 /* CurrencyRowView.swift in Sources */ = {isa = PBXBuildFile; fileRef = B4DF887D2C1C2B0D00C16184 /* CurrencyRowView.swift */; };
		B4DF88802C1C5FF700C16184 /* CoinModel.swift in Sources */ = {isa = PBXBuildFile; fileRef = B4DF887F2C1C5FF700C16184 /* CoinModel.swift */; };
		B4DF88822C1C980B00C16184 /* DoubleExtension.swift in Sources */ = {isa = PBXBuildFile; fileRef = B4DF88812C1C980B00C16184 /* DoubleExtension.swift */; };
		B4DF88842C1DC50F00C16184 /* HomeViewModel.swift in Sources */ = {isa = PBXBuildFile; fileRef = B4DF88832C1DC50F00C16184 /* HomeViewModel.swift */; };
		B4DF88872C1DCDDC00C16184 /* CoinDataService.swift in Sources */ = {isa = PBXBuildFile; fileRef = B4DF88862C1DCDDC00C16184 /* CoinDataService.swift */; };
		B4DF888C2C215C9B00C16184 /* AppConstants.swift in Sources */ = {isa = PBXBuildFile; fileRef = B4DF888B2C215C9B00C16184 /* AppConstants.swift */; };
		B4DF888F2C2162E700C16184 /* NetworkingManager.swift in Sources */ = {isa = PBXBuildFile; fileRef = B4DF888E2C2162E700C16184 /* NetworkingManager.swift */; };
		B4DF88942C21F89E00C16184 /* SearchBarView.swift in Sources */ = {isa = PBXBuildFile; fileRef = B4DF88932C21F89E00C16184 /* SearchBarView.swift */; };
		B4DF88962C22967500C16184 /* UIApplication.swift in Sources */ = {isa = PBXBuildFile; fileRef = B4DF88952C22967500C16184 /* UIApplication.swift */; };
		B4DF88982C23321500C16184 /* HomeStatModel.swift in Sources */ = {isa = PBXBuildFile; fileRef = B4DF88972C23321500C16184 /* HomeStatModel.swift */; };
		B4DF889B2C23330F00C16184 /* StatView.swift in Sources */ = {isa = PBXBuildFile; fileRef = B4DF889A2C23330F00C16184 /* StatView.swift */; };
		B4DF889D2C23364000C16184 /* HomeStatView.swift in Sources */ = {isa = PBXBuildFile; fileRef = B4DF889C2C23364000C16184 /* HomeStatView.swift */; };
		B4DF889F2C234DE300C16184 /* MarketDataModel.swift in Sources */ = {isa = PBXBuildFile; fileRef = B4DF889E2C234DE300C16184 /* MarketDataModel.swift */; };
		B4DF88A12C23516C00C16184 /* MarketDataService.swift in Sources */ = {isa = PBXBuildFile; fileRef = B4DF88A02C23516C00C16184 /* MarketDataService.swift */; };
		B4DF88A32C23F23800C16184 /* XMarkButton.swift in Sources */ = {isa = PBXBuildFile; fileRef = B4DF88A22C23F23800C16184 /* XMarkButton.swift */; };
		B4DF88A52C23F30B00C16184 /* PortfolioView.swift in Sources */ = {isa = PBXBuildFile; fileRef = B4DF88A42C23F30B00C16184 /* PortfolioView.swift */; };
		B4DF88A82C23FCCC00C16184 /* AsyncImageView.swift in Sources */ = {isa = PBXBuildFile; fileRef = B4DF88A72C23FCCC00C16184 /* AsyncImageView.swift */; };
		B4DF88AA2C2403F100C16184 /* CoinCollectionView.swift in Sources */ = {isa = PBXBuildFile; fileRef = B4DF88A92C2403F100C16184 /* CoinCollectionView.swift */; };
		B4F1790D2C668B5D0018E7FF /* CoinDetailView.swift in Sources */ = {isa = PBXBuildFile; fileRef = B4F1790C2C668B5D0018E7FF /* CoinDetailView.swift */; };
		B4F1790F2C6736D90018E7FF /* CoinDetailDataService.swift in Sources */ = {isa = PBXBuildFile; fileRef = B4F1790E2C6736D90018E7FF /* CoinDetailDataService.swift */; };
		B4F179112C6738A90018E7FF /* CoinDetailModel.swift in Sources */ = {isa = PBXBuildFile; fileRef = B4F179102C6738A90018E7FF /* CoinDetailModel.swift */; };
		B4F179132C673CCC0018E7FF /* CoinDetailViewModel.swift in Sources */ = {isa = PBXBuildFile; fileRef = B4F179122C673CCC0018E7FF /* CoinDetailViewModel.swift */; };
		B4F179152C67D23B0018E7FF /* ChartView.swift in Sources */ = {isa = PBXBuildFile; fileRef = B4F179142C67D23B0018E7FF /* ChartView.swift */; };
		B4F179172C6866530018E7FF /* DateExtension.swift in Sources */ = {isa = PBXBuildFile; fileRef = B4F179162C6866530018E7FF /* DateExtension.swift */; };
		B4F179192C687A390018E7FF /* DevModel.swift in Sources */ = {isa = PBXBuildFile; fileRef = B4F179182C687A390018E7FF /* DevModel.swift */; };
		B4F1791B2C6888BF0018E7FF /* StringExtension.swift in Sources */ = {isa = PBXBuildFile; fileRef = B4F1791A2C6888BF0018E7FF /* StringExtension.swift */; };
		B4F1791D2C69BD300018E7FF /* NewsItemModel.swift in Sources */ = {isa = PBXBuildFile; fileRef = B4F1791C2C69BD300018E7FF /* NewsItemModel.swift */; };
		B4F1791F2C69D2A50018E7FF /* NewsDataService.swift in Sources */ = {isa = PBXBuildFile; fileRef = B4F1791E2C69D2A50018E7FF /* NewsDataService.swift */; };
		B4F179242C69DC160018E7FF /* NewsTabViewModel.swift in Sources */ = {isa = PBXBuildFile; fileRef = B4F179232C69DC160018E7FF /* NewsTabViewModel.swift */; };
		B4F179262C69DC420018E7FF /* NewsTabView.swift in Sources */ = {isa = PBXBuildFile; fileRef = B4F179252C69DC420018E7FF /* NewsTabView.swift */; };
		B4F179282C6A27040018E7FF /* NewsItemRowView.swift in Sources */ = {isa = PBXBuildFile; fileRef = B4F179272C6A27040018E7FF /* NewsItemRowView.swift */; };
		B4F1792B2C6B29FD0018E7FF /* TabbarView.swift in Sources */ = {isa = PBXBuildFile; fileRef = B4F1792A2C6B29FD0018E7FF /* TabbarView.swift */; };
		B4F1792E2C6B2BB60018E7FF /* ProfileTabView.swift in Sources */ = {isa = PBXBuildFile; fileRef = B4F1792D2C6B2BB60018E7FF /* ProfileTabView.swift */; };
		B4F179332C6B90810018E7FF /* TabbarItemModel.swift in Sources */ = {isa = PBXBuildFile; fileRef = B4F179322C6B90810018E7FF /* TabbarItemModel.swift */; };
		B4F179352C6B90E60018E7FF /* Tabbar.swift in Sources */ = {isa = PBXBuildFile; fileRef = B4F179342C6B90E60018E7FF /* Tabbar.swift */; };
		B4F179372C6C7CB20018E7FF /* NewsDetailDataService.swift in Sources */ = {isa = PBXBuildFile; fileRef = B4F179362C6C7CB20018E7FF /* NewsDetailDataService.swift */; };
		B4F1793C2C6C7DB70018E7FF /* NewsDetailViewModel.swift in Sources */ = {isa = PBXBuildFile; fileRef = B4F1793B2C6C7DB70018E7FF /* NewsDetailViewModel.swift */; };
		B4F1793E2C6C7DD20018E7FF /* NewsDetailView.swift in Sources */ = {isa = PBXBuildFile; fileRef = B4F1793D2C6C7DD20018E7FF /* NewsDetailView.swift */; };
/* End PBXBuildFile section */

/* Begin PBXFileReference section */
		B41860E42C7DF20C00B89C61 /* UserManager.swift */ = {isa = PBXFileReference; lastKnownFileType = sourcecode.swift; path = UserManager.swift; sourceTree = "<group>"; };
		B435D0262C80956600CEC292 /* StorageManager.swift */ = {isa = PBXFileReference; lastKnownFileType = sourcecode.swift; path = StorageManager.swift; sourceTree = "<group>"; };
		B435D02C2C82FDB600CEC292 /* ProfileTabViewModel.swift */ = {isa = PBXFileReference; lastKnownFileType = sourcecode.swift; path = ProfileTabViewModel.swift; sourceTree = "<group>"; };
		B435D02E2C82FEC200CEC292 /* AuthDataResultModel.swift */ = {isa = PBXFileReference; lastKnownFileType = sourcecode.swift; path = AuthDataResultModel.swift; sourceTree = "<group>"; };
		B435D0302C82FEEB00CEC292 /* UserModel.swift */ = {isa = PBXFileReference; lastKnownFileType = sourcecode.swift; path = UserModel.swift; sourceTree = "<group>"; };
		B46BF9A12C2463E4007EDF65 /* PortfolioDataService.swift */ = {isa = PBXFileReference; lastKnownFileType = sourcecode.swift; path = PortfolioDataService.swift; sourceTree = "<group>"; };
		B46BF9A32C2494CE007EDF65 /* PortfolioRowView.swift */ = {isa = PBXFileReference; lastKnownFileType = sourcecode.swift; path = PortfolioRowView.swift; sourceTree = "<group>"; };
		B46BF9A52C25625B007EDF65 /* HepticManager.swift */ = {isa = PBXFileReference; lastKnownFileType = sourcecode.swift; path = HepticManager.swift; sourceTree = "<group>"; };
		B46BF9A72C27EC25007EDF65 /* CoinChartModel.swift */ = {isa = PBXFileReference; lastKnownFileType = sourcecode.swift; path = CoinChartModel.swift; sourceTree = "<group>"; };
		B46BF9A92C27ECF2007EDF65 /* CoinChartDataService.swift */ = {isa = PBXFileReference; lastKnownFileType = sourcecode.swift; path = CoinChartDataService.swift; sourceTree = "<group>"; };
		B49D3B982C6D9E5600136A13 /* Info.plist */ = {isa = PBXFileReference; lastKnownFileType = text.plist.xml; path = Info.plist; sourceTree = "<group>"; };
		B49D3B9D2C7084C700136A13 /* PortfolioTabView.swift */ = {isa = PBXFileReference; fileEncoding = 4; lastKnownFileType = sourcecode.swift; path = PortfolioTabView.swift; sourceTree = "<group>"; };
		B49D3BA32C70F5C300136A13 /* ProfileImagePicker.swift */ = {isa = PBXFileReference; lastKnownFileType = sourcecode.swift; path = ProfileImagePicker.swift; sourceTree = "<group>"; };
		B49D3BA72C71A54A00136A13 /* SignInView.swift */ = {isa = PBXFileReference; lastKnownFileType = sourcecode.swift; path = SignInView.swift; sourceTree = "<group>"; };
		B49D3BA92C71C2CD00136A13 /* SignUPView.swift */ = {isa = PBXFileReference; lastKnownFileType = sourcecode.swift; path = SignUPView.swift; sourceTree = "<group>"; };
		B49D3BAB2C71FB3A00136A13 /* SessionView.swift */ = {isa = PBXFileReference; lastKnownFileType = sourcecode.swift; path = SessionView.swift; sourceTree = "<group>"; };
		B4B02EFC2C7A43D900201399 /* AuthenticationDataService.swift */ = {isa = PBXFileReference; lastKnownFileType = sourcecode.swift; path = AuthenticationDataService.swift; sourceTree = "<group>"; };
		B4B02F032C7D6ED700201399 /* GoogleService-Info.plist */ = {isa = PBXFileReference; fileEncoding = 4; lastKnownFileType = text.plist.xml; path = "GoogleService-Info.plist"; sourceTree = "<group>"; };
		B4DF88582C19C7A100C16184 /* CryptoWallet.app */ = {isa = PBXFileReference; explicitFileType = wrapper.application; includeInIndex = 0; path = CryptoWallet.app; sourceTree = BUILT_PRODUCTS_DIR; };
		B4DF885B2C19C7A100C16184 /* CryptoWalletApp.swift */ = {isa = PBXFileReference; lastKnownFileType = sourcecode.swift; path = CryptoWalletApp.swift; sourceTree = "<group>"; };
		B4DF885F2C19C7A200C16184 /* Assets.xcassets */ = {isa = PBXFileReference; lastKnownFileType = folder.assetcatalog; path = Assets.xcassets; sourceTree = "<group>"; };
		B4DF88622C19C7A200C16184 /* Preview Assets.xcassets */ = {isa = PBXFileReference; lastKnownFileType = folder.assetcatalog; path = "Preview Assets.xcassets"; sourceTree = "<group>"; };
		B4DF88672C19C7A200C16184 /* CryptoWallet.xcdatamodel */ = {isa = PBXFileReference; lastKnownFileType = wrapper.xcdatamodel; path = CryptoWallet.xcdatamodel; sourceTree = "<group>"; };
		B4DF886F2C19D32E00C16184 /* ColorExtension.swift */ = {isa = PBXFileReference; lastKnownFileType = sourcecode.swift; path = ColorExtension.swift; sourceTree = "<group>"; };
		B4DF88752C19D4EB00C16184 /* HomeView.swift */ = {isa = PBXFileReference; lastKnownFileType = sourcecode.swift; path = HomeView.swift; sourceTree = "<group>"; };
		B4DF88782C19DCA600C16184 /* CircleButtonView.swift */ = {isa = PBXFileReference; lastKnownFileType = sourcecode.swift; path = CircleButtonView.swift; sourceTree = "<group>"; };
		B4DF887A2C1B261500C16184 /* CircleButtonAnimationView.swift */ = {isa = PBXFileReference; lastKnownFileType = sourcecode.swift; path = CircleButtonAnimationView.swift; sourceTree = "<group>"; };
		B4DF887D2C1C2B0D00C16184 /* CurrencyRowView.swift */ = {isa = PBXFileReference; lastKnownFileType = sourcecode.swift; path = CurrencyRowView.swift; sourceTree = "<group>"; };
		B4DF887F2C1C5FF700C16184 /* CoinModel.swift */ = {isa = PBXFileReference; lastKnownFileType = sourcecode.swift; path = CoinModel.swift; sourceTree = "<group>"; };
		B4DF88812C1C980B00C16184 /* DoubleExtension.swift */ = {isa = PBXFileReference; lastKnownFileType = sourcecode.swift; path = DoubleExtension.swift; sourceTree = "<group>"; };
		B4DF88832C1DC50F00C16184 /* HomeViewModel.swift */ = {isa = PBXFileReference; lastKnownFileType = sourcecode.swift; path = HomeViewModel.swift; sourceTree = "<group>"; };
		B4DF88862C1DCDDC00C16184 /* CoinDataService.swift */ = {isa = PBXFileReference; lastKnownFileType = sourcecode.swift; path = CoinDataService.swift; sourceTree = "<group>"; };
		B4DF888B2C215C9B00C16184 /* AppConstants.swift */ = {isa = PBXFileReference; lastKnownFileType = sourcecode.swift; path = AppConstants.swift; sourceTree = "<group>"; };
		B4DF888E2C2162E700C16184 /* NetworkingManager.swift */ = {isa = PBXFileReference; lastKnownFileType = sourcecode.swift; path = NetworkingManager.swift; sourceTree = "<group>"; };
		B4DF88932C21F89E00C16184 /* SearchBarView.swift */ = {isa = PBXFileReference; lastKnownFileType = sourcecode.swift; path = SearchBarView.swift; sourceTree = "<group>"; };
		B4DF88952C22967500C16184 /* UIApplication.swift */ = {isa = PBXFileReference; lastKnownFileType = sourcecode.swift; path = UIApplication.swift; sourceTree = "<group>"; };
		B4DF88972C23321500C16184 /* HomeStatModel.swift */ = {isa = PBXFileReference; lastKnownFileType = sourcecode.swift; path = HomeStatModel.swift; sourceTree = "<group>"; };
		B4DF889A2C23330F00C16184 /* StatView.swift */ = {isa = PBXFileReference; lastKnownFileType = sourcecode.swift; path = StatView.swift; sourceTree = "<group>"; };
		B4DF889C2C23364000C16184 /* HomeStatView.swift */ = {isa = PBXFileReference; lastKnownFileType = sourcecode.swift; path = HomeStatView.swift; sourceTree = "<group>"; };
		B4DF889E2C234DE300C16184 /* MarketDataModel.swift */ = {isa = PBXFileReference; lastKnownFileType = sourcecode.swift; path = MarketDataModel.swift; sourceTree = "<group>"; };
		B4DF88A02C23516C00C16184 /* MarketDataService.swift */ = {isa = PBXFileReference; lastKnownFileType = sourcecode.swift; path = MarketDataService.swift; sourceTree = "<group>"; };
		B4DF88A22C23F23800C16184 /* XMarkButton.swift */ = {isa = PBXFileReference; lastKnownFileType = sourcecode.swift; path = XMarkButton.swift; sourceTree = "<group>"; };
		B4DF88A42C23F30B00C16184 /* PortfolioView.swift */ = {isa = PBXFileReference; lastKnownFileType = sourcecode.swift; path = PortfolioView.swift; sourceTree = "<group>"; };
		B4DF88A72C23FCCC00C16184 /* AsyncImageView.swift */ = {isa = PBXFileReference; lastKnownFileType = sourcecode.swift; path = AsyncImageView.swift; sourceTree = "<group>"; };
		B4DF88A92C2403F100C16184 /* CoinCollectionView.swift */ = {isa = PBXFileReference; lastKnownFileType = sourcecode.swift; path = CoinCollectionView.swift; sourceTree = "<group>"; };
		B4F1790C2C668B5D0018E7FF /* CoinDetailView.swift */ = {isa = PBXFileReference; lastKnownFileType = sourcecode.swift; path = CoinDetailView.swift; sourceTree = "<group>"; };
		B4F1790E2C6736D90018E7FF /* CoinDetailDataService.swift */ = {isa = PBXFileReference; lastKnownFileType = sourcecode.swift; path = CoinDetailDataService.swift; sourceTree = "<group>"; };
		B4F179102C6738A90018E7FF /* CoinDetailModel.swift */ = {isa = PBXFileReference; lastKnownFileType = sourcecode.swift; path = CoinDetailModel.swift; sourceTree = "<group>"; };
		B4F179122C673CCC0018E7FF /* CoinDetailViewModel.swift */ = {isa = PBXFileReference; lastKnownFileType = sourcecode.swift; path = CoinDetailViewModel.swift; sourceTree = "<group>"; };
		B4F179142C67D23B0018E7FF /* ChartView.swift */ = {isa = PBXFileReference; lastKnownFileType = sourcecode.swift; path = ChartView.swift; sourceTree = "<group>"; };
		B4F179162C6866530018E7FF /* DateExtension.swift */ = {isa = PBXFileReference; lastKnownFileType = sourcecode.swift; path = DateExtension.swift; sourceTree = "<group>"; };
		B4F179182C687A390018E7FF /* DevModel.swift */ = {isa = PBXFileReference; lastKnownFileType = sourcecode.swift; path = DevModel.swift; sourceTree = "<group>"; };
		B4F1791A2C6888BF0018E7FF /* StringExtension.swift */ = {isa = PBXFileReference; lastKnownFileType = sourcecode.swift; path = StringExtension.swift; sourceTree = "<group>"; };
		B4F1791C2C69BD300018E7FF /* NewsItemModel.swift */ = {isa = PBXFileReference; lastKnownFileType = sourcecode.swift; path = NewsItemModel.swift; sourceTree = "<group>"; };
		B4F1791E2C69D2A50018E7FF /* NewsDataService.swift */ = {isa = PBXFileReference; lastKnownFileType = sourcecode.swift; path = NewsDataService.swift; sourceTree = "<group>"; };
		B4F179232C69DC160018E7FF /* NewsTabViewModel.swift */ = {isa = PBXFileReference; lastKnownFileType = sourcecode.swift; path = NewsTabViewModel.swift; sourceTree = "<group>"; };
		B4F179252C69DC420018E7FF /* NewsTabView.swift */ = {isa = PBXFileReference; lastKnownFileType = sourcecode.swift; path = NewsTabView.swift; sourceTree = "<group>"; };
		B4F179272C6A27040018E7FF /* NewsItemRowView.swift */ = {isa = PBXFileReference; lastKnownFileType = sourcecode.swift; path = NewsItemRowView.swift; sourceTree = "<group>"; };
		B4F1792A2C6B29FD0018E7FF /* TabbarView.swift */ = {isa = PBXFileReference; lastKnownFileType = sourcecode.swift; path = TabbarView.swift; sourceTree = "<group>"; };
		B4F1792D2C6B2BB60018E7FF /* ProfileTabView.swift */ = {isa = PBXFileReference; lastKnownFileType = sourcecode.swift; path = ProfileTabView.swift; sourceTree = "<group>"; };
		B4F179322C6B90810018E7FF /* TabbarItemModel.swift */ = {isa = PBXFileReference; lastKnownFileType = sourcecode.swift; path = TabbarItemModel.swift; sourceTree = "<group>"; };
		B4F179342C6B90E60018E7FF /* Tabbar.swift */ = {isa = PBXFileReference; lastKnownFileType = sourcecode.swift; path = Tabbar.swift; sourceTree = "<group>"; };
		B4F179362C6C7CB20018E7FF /* NewsDetailDataService.swift */ = {isa = PBXFileReference; lastKnownFileType = sourcecode.swift; path = NewsDetailDataService.swift; sourceTree = "<group>"; };
		B4F1793B2C6C7DB70018E7FF /* NewsDetailViewModel.swift */ = {isa = PBXFileReference; lastKnownFileType = sourcecode.swift; path = NewsDetailViewModel.swift; sourceTree = "<group>"; };
		B4F1793D2C6C7DD20018E7FF /* NewsDetailView.swift */ = {isa = PBXFileReference; lastKnownFileType = sourcecode.swift; path = NewsDetailView.swift; sourceTree = "<group>"; };
/* End PBXFileReference section */

/* Begin PBXFrameworksBuildPhase section */
		B4DF88552C19C7A100C16184 /* Frameworks */ = {
			isa = PBXFrameworksBuildPhase;
			buildActionMask = 2147483647;
			files = (
				B4B02EF72C7A304D00201399 /* FirebaseAuth in Frameworks */,
				B41860E32C7DEBDD00B89C61 /* FirebaseFirestore in Frameworks */,
				B435D0292C80D8D500CEC292 /* FirebaseStorage in Frameworks */,
			);
			runOnlyForDeploymentPostprocessing = 0;
		};
/* End PBXFrameworksBuildPhase section */

/* Begin PBXGroup section */
		B41860E12C7DEBDD00B89C61 /* Frameworks */ = {
			isa = PBXGroup;
			children = (
			);
			name = Frameworks;
			sourceTree = "<group>";
		};
		B435D02A2C82FD9000CEC292 /* Views */ = {
			isa = PBXGroup;
			children = (
				B49D3BA32C70F5C300136A13 /* ProfileImagePicker.swift */,
				B4F1792D2C6B2BB60018E7FF /* ProfileTabView.swift */,
			);
			path = Views;
			sourceTree = "<group>";
		};
		B435D02B2C82FD9F00CEC292 /* ViewModels */ = {
			isa = PBXGroup;
			children = (
				B435D02C2C82FDB600CEC292 /* ProfileTabViewModel.swift */,
			);
			path = ViewModels;
			sourceTree = "<group>";
		};
		B49D3B9F2C70C1A500136A13 /* HomeTab */ = {
			isa = PBXGroup;
			children = (
				B4DF88752C19D4EB00C16184 /* HomeView.swift */,
				B4DF887D2C1C2B0D00C16184 /* CurrencyRowView.swift */,
				B4DF889C2C23364000C16184 /* HomeStatView.swift */,
			);
			path = HomeTab;
			sourceTree = "<group>";
		};
		B49D3BA02C70C1AF00136A13 /* PortfolioTab */ = {
			isa = PBXGroup;
			children = (
				B4DF88A42C23F30B00C16184 /* PortfolioView.swift */,
				B4DF88A92C2403F100C16184 /* CoinCollectionView.swift */,
				B46BF9A32C2494CE007EDF65 /* PortfolioRowView.swift */,
				B49D3B9D2C7084C700136A13 /* PortfolioTabView.swift */,
			);
			path = PortfolioTab;
			sourceTree = "<group>";
		};
		B49D3BA12C70C65C00136A13 /* Assets */ = {
			isa = PBXGroup;
			children = (
				B4DF885F2C19C7A200C16184 /* Assets.xcassets */,
			);
			path = Assets;
			sourceTree = "<group>";
		};
		B49D3BA22C70C69100136A13 /* Others */ = {
			isa = PBXGroup;
			children = (
				B4DF885B2C19C7A100C16184 /* CryptoWalletApp.swift */,
				B4F179182C687A390018E7FF /* DevModel.swift */,
				B49D3BAB2C71FB3A00136A13 /* SessionView.swift */,
			);
			path = Others;
			sourceTree = "<group>";
		};
		B49D3BA52C71A51D00136A13 /* Authentication */ = {
			isa = PBXGroup;
			children = (
				B49D3BA72C71A54A00136A13 /* SignInView.swift */,
				B49D3BA92C71C2CD00136A13 /* SignUPView.swift */,
			);
			path = Authentication;
			sourceTree = "<group>";
		};
		B4DF884F2C19C7A100C16184 = {
			isa = PBXGroup;
			children = (
				B4DF885A2C19C7A100C16184 /* CryptoWallet */,
				B4DF88592C19C7A100C16184 /* Products */,
				B41860E12C7DEBDD00B89C61 /* Frameworks */,
			);
			sourceTree = "<group>";
		};
		B4DF88592C19C7A100C16184 /* Products */ = {
			isa = PBXGroup;
			children = (
				B4DF88582C19C7A100C16184 /* CryptoWallet.app */,
			);
			name = Products;
			sourceTree = "<group>";
		};
		B4DF885A2C19C7A100C16184 /* CryptoWallet */ = {
			isa = PBXGroup;
			children = (
				B4B02F032C7D6ED700201399 /* GoogleService-Info.plist */,
				B49D3B982C6D9E5600136A13 /* Info.plist */,
				B49D3BA12C70C65C00136A13 /* Assets */,
				B4DF888D2C2162CD00C16184 /* Utelities */,
				B4DF88882C215A2400C16184 /* Constants */,
				B4DF88852C1DCDB700C16184 /* Services */,
				B4DF887C2C1B2A9700C16184 /* Models */,
				B4DF88712C19D4B900C16184 /* Core */,
				B4DF886E2C19D2FE00C16184 /* Extensions */,
				B49D3BA22C70C69100136A13 /* Others */,
				B4DF88612C19C7A200C16184 /* Preview Content */,
			);
			path = CryptoWallet;
			sourceTree = "<group>";
		};
		B4DF88612C19C7A200C16184 /* Preview Content */ = {
			isa = PBXGroup;
			children = (
				B4DF88622C19C7A200C16184 /* Preview Assets.xcassets */,
			);
			path = "Preview Content";
			sourceTree = "<group>";
		};
		B4DF886E2C19D2FE00C16184 /* Extensions */ = {
			isa = PBXGroup;
			children = (
				B4DF886F2C19D32E00C16184 /* ColorExtension.swift */,
				B4DF88812C1C980B00C16184 /* DoubleExtension.swift */,
				B4DF88952C22967500C16184 /* UIApplication.swift */,
				B4F179162C6866530018E7FF /* DateExtension.swift */,
				B4F1791A2C6888BF0018E7FF /* StringExtension.swift */,
			);
			path = Extensions;
			sourceTree = "<group>";
		};
		B4DF88712C19D4B900C16184 /* Core */ = {
			isa = PBXGroup;
			children = (
				B49D3BA52C71A51D00136A13 /* Authentication */,
				B4F179382C6C7D930018E7FF /* NewsDetails */,
				B4F1792C2C6B2BA10018E7FF /* Profile */,
				B4F179292C6B29EC0018E7FF /* Tabbar */,
				B4F179202C69DBAD0018E7FF /* News */,
				B4F179092C668A300018E7FF /* CoinDetails */,
				B4DF88772C19DC8000C16184 /* CommonComponents */,
				B4DF88722C19D4BF00C16184 /* Home */,
			);
			path = Core;
			sourceTree = "<group>";
		};
		B4DF88722C19D4BF00C16184 /* Home */ = {
			isa = PBXGroup;
			children = (
				B4DF88742C19D4CF00C16184 /* ViewModels */,
				B4DF88732C19D4C700C16184 /* Views */,
			);
			path = Home;
			sourceTree = "<group>";
		};
		B4DF88732C19D4C700C16184 /* Views */ = {
			isa = PBXGroup;
			children = (
				B49D3B9F2C70C1A500136A13 /* HomeTab */,
				B49D3BA02C70C1AF00136A13 /* PortfolioTab */,
			);
			path = Views;
			sourceTree = "<group>";
		};
		B4DF88742C19D4CF00C16184 /* ViewModels */ = {
			isa = PBXGroup;
			children = (
				B4DF88832C1DC50F00C16184 /* HomeViewModel.swift */,
			);
			path = ViewModels;
			sourceTree = "<group>";
		};
		B4DF88772C19DC8000C16184 /* CommonComponents */ = {
			isa = PBXGroup;
			children = (
				B4DF88992C2332E000C16184 /* CircleButton */,
				B4DF88932C21F89E00C16184 /* SearchBarView.swift */,
				B4DF889A2C23330F00C16184 /* StatView.swift */,
				B4DF88A22C23F23800C16184 /* XMarkButton.swift */,
				B4DF88A72C23FCCC00C16184 /* AsyncImageView.swift */,
			);
			path = CommonComponents;
			sourceTree = "<group>";
		};
		B4DF887C2C1B2A9700C16184 /* Models */ = {
			isa = PBXGroup;
			children = (
				B4DF887F2C1C5FF700C16184 /* CoinModel.swift */,
				B4DF88972C23321500C16184 /* HomeStatModel.swift */,
				B4DF889E2C234DE300C16184 /* MarketDataModel.swift */,
				B4DF88662C19C7A200C16184 /* PortfolioCointainer.xcdatamodeld */,
				B46BF9A72C27EC25007EDF65 /* CoinChartModel.swift */,
				B4F179102C6738A90018E7FF /* CoinDetailModel.swift */,
				B4F1791C2C69BD300018E7FF /* NewsItemModel.swift */,
				B4F179322C6B90810018E7FF /* TabbarItemModel.swift */,
				B435D02E2C82FEC200CEC292 /* AuthDataResultModel.swift */,
				B435D0302C82FEEB00CEC292 /* UserModel.swift */,
			);
			path = Models;
			sourceTree = "<group>";
		};
		B4DF88852C1DCDB700C16184 /* Services */ = {
			isa = PBXGroup;
			children = (
				B4DF88862C1DCDDC00C16184 /* CoinDataService.swift */,
				B4DF88A02C23516C00C16184 /* MarketDataService.swift */,
				B46BF9A12C2463E4007EDF65 /* PortfolioDataService.swift */,
				B46BF9A92C27ECF2007EDF65 /* CoinChartDataService.swift */,
				B4F1790E2C6736D90018E7FF /* CoinDetailDataService.swift */,
				B4F1791E2C69D2A50018E7FF /* NewsDataService.swift */,
				B4F179362C6C7CB20018E7FF /* NewsDetailDataService.swift */,
				B4B02EFC2C7A43D900201399 /* AuthenticationDataService.swift */,
				B41860E42C7DF20C00B89C61 /* UserManager.swift */,
				B435D0262C80956600CEC292 /* StorageManager.swift */,
			);
			path = Services;
			sourceTree = "<group>";
		};
		B4DF88882C215A2400C16184 /* Constants */ = {
			isa = PBXGroup;
			children = (
				B4DF888B2C215C9B00C16184 /* AppConstants.swift */,
			);
			path = Constants;
			sourceTree = "<group>";
		};
		B4DF888D2C2162CD00C16184 /* Utelities */ = {
			isa = PBXGroup;
			children = (
				B4DF888E2C2162E700C16184 /* NetworkingManager.swift */,
				B46BF9A52C25625B007EDF65 /* HepticManager.swift */,
			);
			path = Utelities;
			sourceTree = "<group>";
		};
		B4DF88992C2332E000C16184 /* CircleButton */ = {
			isa = PBXGroup;
			children = (
				B4DF887A2C1B261500C16184 /* CircleButtonAnimationView.swift */,
				B4DF88782C19DCA600C16184 /* CircleButtonView.swift */,
			);
			path = CircleButton;
			sourceTree = "<group>";
		};
		B4F179092C668A300018E7FF /* CoinDetails */ = {
			isa = PBXGroup;
			children = (
				B4F1790A2C668ABE0018E7FF /* Views */,
				B4F1790B2C668AC90018E7FF /* ViewModels */,
			);
			path = CoinDetails;
			sourceTree = "<group>";
		};
		B4F1790A2C668ABE0018E7FF /* Views */ = {
			isa = PBXGroup;
			children = (
				B4F1790C2C668B5D0018E7FF /* CoinDetailView.swift */,
				B4F179142C67D23B0018E7FF /* ChartView.swift */,
			);
			path = Views;
			sourceTree = "<group>";
		};
		B4F1790B2C668AC90018E7FF /* ViewModels */ = {
			isa = PBXGroup;
			children = (
				B4F179122C673CCC0018E7FF /* CoinDetailViewModel.swift */,
			);
			path = ViewModels;
			sourceTree = "<group>";
		};
		B4F179202C69DBAD0018E7FF /* News */ = {
			isa = PBXGroup;
			children = (
				B4F179222C69DBBC0018E7FF /* Viewmodels */,
				B4F179212C69DBB50018E7FF /* Views */,
			);
			path = News;
			sourceTree = "<group>";
		};
		B4F179212C69DBB50018E7FF /* Views */ = {
			isa = PBXGroup;
			children = (
				B4F179252C69DC420018E7FF /* NewsTabView.swift */,
				B4F179272C6A27040018E7FF /* NewsItemRowView.swift */,
			);
			path = Views;
			sourceTree = "<group>";
		};
		B4F179222C69DBBC0018E7FF /* Viewmodels */ = {
			isa = PBXGroup;
			children = (
				B4F179232C69DC160018E7FF /* NewsTabViewModel.swift */,
			);
			path = Viewmodels;
			sourceTree = "<group>";
		};
		B4F179292C6B29EC0018E7FF /* Tabbar */ = {
			isa = PBXGroup;
			children = (
				B4F1792A2C6B29FD0018E7FF /* TabbarView.swift */,
				B4F179342C6B90E60018E7FF /* Tabbar.swift */,
			);
			path = Tabbar;
			sourceTree = "<group>";
		};
		B4F1792C2C6B2BA10018E7FF /* Profile */ = {
			isa = PBXGroup;
			children = (
				B435D02B2C82FD9F00CEC292 /* ViewModels */,
				B435D02A2C82FD9000CEC292 /* Views */,
			);
			path = Profile;
			sourceTree = "<group>";
		};
		B4F179382C6C7D930018E7FF /* NewsDetails */ = {
			isa = PBXGroup;
			children = (
				B4F1793A2C6C7D9F0018E7FF /* ViewModels */,
				B4F179392C6C7D9A0018E7FF /* Views */,
			);
			path = NewsDetails;
			sourceTree = "<group>";
		};
		B4F179392C6C7D9A0018E7FF /* Views */ = {
			isa = PBXGroup;
			children = (
				B4F1793D2C6C7DD20018E7FF /* NewsDetailView.swift */,
			);
			path = Views;
			sourceTree = "<group>";
		};
		B4F1793A2C6C7D9F0018E7FF /* ViewModels */ = {
			isa = PBXGroup;
			children = (
				B4F1793B2C6C7DB70018E7FF /* NewsDetailViewModel.swift */,
			);
			path = ViewModels;
			sourceTree = "<group>";
		};
/* End PBXGroup section */

/* Begin PBXNativeTarget section */
		B4DF88572C19C7A100C16184 /* CryptoWallet */ = {
			isa = PBXNativeTarget;
			buildConfigurationList = B4DF886B2C19C7A200C16184 /* Build configuration list for PBXNativeTarget "CryptoWallet" */;
			buildPhases = (
				B4DF88542C19C7A100C16184 /* Sources */,
				B4DF88552C19C7A100C16184 /* Frameworks */,
				B4DF88562C19C7A100C16184 /* Resources */,
			);
			buildRules = (
			);
			dependencies = (
			);
			name = CryptoWallet;
			packageProductDependencies = (
				B4B02EF62C7A304D00201399 /* FirebaseAuth */,
				B41860E22C7DEBDD00B89C61 /* FirebaseFirestore */,
				B435D0282C80D8D500CEC292 /* FirebaseStorage */,
			);
			productName = CryptoWallet;
			productReference = B4DF88582C19C7A100C16184 /* CryptoWallet.app */;
			productType = "com.apple.product-type.application";
		};
/* End PBXNativeTarget section */

/* Begin PBXProject section */
		B4DF88502C19C7A100C16184 /* Project object */ = {
			isa = PBXProject;
			attributes = {
				BuildIndependentTargetsInParallel = 1;
				LastSwiftUpdateCheck = 1530;
				LastUpgradeCheck = 1530;
				TargetAttributes = {
					B4DF88572C19C7A100C16184 = {
						CreatedOnToolsVersion = 15.3;
					};
				};
			};
			buildConfigurationList = B4DF88532C19C7A100C16184 /* Build configuration list for PBXProject "CryptoWallet" */;
			compatibilityVersion = "Xcode 14.0";
			developmentRegion = en;
			hasScannedForEncodings = 0;
			knownRegions = (
				en,
				Base,
			);
			mainGroup = B4DF884F2C19C7A100C16184;
			packageReferences = (
				B4B02EF52C7A304D00201399 /* XCRemoteSwiftPackageReference "firebase-ios-sdk" */,
			);
			productRefGroup = B4DF88592C19C7A100C16184 /* Products */;
			projectDirPath = "";
			projectRoot = "";
			targets = (
				B4DF88572C19C7A100C16184 /* CryptoWallet */,
			);
		};
/* End PBXProject section */

/* Begin PBXResourcesBuildPhase section */
		B4DF88562C19C7A100C16184 /* Resources */ = {
			isa = PBXResourcesBuildPhase;
			buildActionMask = 2147483647;
			files = (
				B4DF88632C19C7A200C16184 /* Preview Assets.xcassets in Resources */,
				B4DF88602C19C7A200C16184 /* Assets.xcassets in Resources */,
				B4B02F052C7D6F0C00201399 /* GoogleService-Info.plist in Resources */,
			);
			runOnlyForDeploymentPostprocessing = 0;
		};
/* End PBXResourcesBuildPhase section */

/* Begin PBXSourcesBuildPhase section */
		B4DF88542C19C7A100C16184 /* Sources */ = {
			isa = PBXSourcesBuildPhase;
			buildActionMask = 2147483647;
			files = (
				B4DF88982C23321500C16184 /* HomeStatModel.swift in Sources */,
				B4F179172C6866530018E7FF /* DateExtension.swift in Sources */,
				B46BF9A22C2463E4007EDF65 /* PortfolioDataService.swift in Sources */,
				B4F179262C69DC420018E7FF /* NewsTabView.swift in Sources */,
				B4F1791B2C6888BF0018E7FF /* StringExtension.swift in Sources */,
				B4DF88802C1C5FF700C16184 /* CoinModel.swift in Sources */,
				B4F1791D2C69BD300018E7FF /* NewsItemModel.swift in Sources */,
				B4F179332C6B90810018E7FF /* TabbarItemModel.swift in Sources */,
				B49D3BAC2C71FB3A00136A13 /* SessionView.swift in Sources */,
				B435D0272C80956600CEC292 /* StorageManager.swift in Sources */,
				B4DF888F2C2162E700C16184 /* NetworkingManager.swift in Sources */,
				B4F179242C69DC160018E7FF /* NewsTabViewModel.swift in Sources */,
				B4F1792B2C6B29FD0018E7FF /* TabbarView.swift in Sources */,
				B46BF9A42C2494CE007EDF65 /* PortfolioRowView.swift in Sources */,
				B4DF88942C21F89E00C16184 /* SearchBarView.swift in Sources */,
				B4DF88822C1C980B00C16184 /* DoubleExtension.swift in Sources */,
				B435D02D2C82FDB600CEC292 /* ProfileTabViewModel.swift in Sources */,
				B4DF88A52C23F30B00C16184 /* PortfolioView.swift in Sources */,
				B4F1790D2C668B5D0018E7FF /* CoinDetailView.swift in Sources */,
				B4F179372C6C7CB20018E7FF /* NewsDetailDataService.swift in Sources */,
				B4DF889F2C234DE300C16184 /* MarketDataModel.swift in Sources */,
				B4DF88792C19DCA600C16184 /* CircleButtonView.swift in Sources */,
				B4F1790F2C6736D90018E7FF /* CoinDetailDataService.swift in Sources */,
				B4F1792E2C6B2BB60018E7FF /* ProfileTabView.swift in Sources */,
				B4F179132C673CCC0018E7FF /* CoinDetailViewModel.swift in Sources */,
				B4DF88872C1DCDDC00C16184 /* CoinDataService.swift in Sources */,
				B4F1793E2C6C7DD20018E7FF /* NewsDetailView.swift in Sources */,
				B4F1791F2C69D2A50018E7FF /* NewsDataService.swift in Sources */,
				B4DF889D2C23364000C16184 /* HomeStatView.swift in Sources */,
				B4DF887B2C1B261500C16184 /* CircleButtonAnimationView.swift in Sources */,
				B49D3BAA2C71C2CD00136A13 /* SignUPView.swift in Sources */,
				B4F179352C6B90E60018E7FF /* Tabbar.swift in Sources */,
				B41860E52C7DF20C00B89C61 /* UserManager.swift in Sources */,
				B49D3B9E2C7084C700136A13 /* PortfolioTabView.swift in Sources */,
				B49D3BA42C70F5C300136A13 /* ProfileImagePicker.swift in Sources */,
				B4DF889B2C23330F00C16184 /* StatView.swift in Sources */,
				B4DF885C2C19C7A100C16184 /* CryptoWalletApp.swift in Sources */,
				B4DF88842C1DC50F00C16184 /* HomeViewModel.swift in Sources */,
				B4DF88962C22967500C16184 /* UIApplication.swift in Sources */,
				B4F179192C687A390018E7FF /* DevModel.swift in Sources */,
				B46BF9AA2C27ECF2007EDF65 /* CoinChartDataService.swift in Sources */,
				B4DF88AA2C2403F100C16184 /* CoinCollectionView.swift in Sources */,
				B4DF88A32C23F23800C16184 /* XMarkButton.swift in Sources */,
				B49D3BA82C71A54A00136A13 /* SignInView.swift in Sources */,
				B46BF9A82C27EC25007EDF65 /* CoinChartModel.swift in Sources */,
				B4DF88A82C23FCCC00C16184 /* AsyncImageView.swift in Sources */,
				B4DF88762C19D4EB00C16184 /* HomeView.swift in Sources */,
				B4DF88A12C23516C00C16184 /* MarketDataService.swift in Sources */,
				B4F179152C67D23B0018E7FF /* ChartView.swift in Sources */,
				B435D02F2C82FEC200CEC292 /* AuthDataResultModel.swift in Sources */,
				B4DF88682C19C7A200C16184 /* PortfolioCointainer.xcdatamodeld in Sources */,
				B4F1793C2C6C7DB70018E7FF /* NewsDetailViewModel.swift in Sources */,
				B4DF888C2C215C9B00C16184 /* AppConstants.swift in Sources */,
				B4DF88702C19D32E00C16184 /* ColorExtension.swift in Sources */,
				B4F179112C6738A90018E7FF /* CoinDetailModel.swift in Sources */,
				B4B02EFD2C7A43D900201399 /* AuthenticationDataService.swift in Sources */,
				B4DF887E2C1C2B0D00C16184 /* CurrencyRowView.swift in Sources */,
				B46BF9A62C25625B007EDF65 /* HepticManager.swift in Sources */,
				B435D0312C82FEEB00CEC292 /* UserModel.swift in Sources */,
				B4F179282C6A27040018E7FF /* NewsItemRowView.swift in Sources */,
			);
			runOnlyForDeploymentPostprocessing = 0;
		};
/* End PBXSourcesBuildPhase section */

/* Begin XCBuildConfiguration section */
		B4DF88692C19C7A200C16184 /* Debug */ = {
			isa = XCBuildConfiguration;
			buildSettings = {
				ALWAYS_SEARCH_USER_PATHS = NO;
				ASSETCATALOG_COMPILER_GENERATE_SWIFT_ASSET_SYMBOL_EXTENSIONS = YES;
				CLANG_ANALYZER_NONNULL = YES;
				CLANG_ANALYZER_NUMBER_OBJECT_CONVERSION = YES_AGGRESSIVE;
				CLANG_CXX_LANGUAGE_STANDARD = "gnu++20";
				CLANG_ENABLE_MODULES = YES;
				CLANG_ENABLE_OBJC_ARC = YES;
				CLANG_ENABLE_OBJC_WEAK = YES;
				CLANG_WARN_BLOCK_CAPTURE_AUTORELEASING = YES;
				CLANG_WARN_BOOL_CONVERSION = YES;
				CLANG_WARN_COMMA = YES;
				CLANG_WARN_CONSTANT_CONVERSION = YES;
				CLANG_WARN_DEPRECATED_OBJC_IMPLEMENTATIONS = YES;
				CLANG_WARN_DIRECT_OBJC_ISA_USAGE = YES_ERROR;
				CLANG_WARN_DOCUMENTATION_COMMENTS = YES;
				CLANG_WARN_EMPTY_BODY = YES;
				CLANG_WARN_ENUM_CONVERSION = YES;
				CLANG_WARN_INFINITE_RECURSION = YES;
				CLANG_WARN_INT_CONVERSION = YES;
				CLANG_WARN_NON_LITERAL_NULL_CONVERSION = YES;
				CLANG_WARN_OBJC_IMPLICIT_RETAIN_SELF = YES;
				CLANG_WARN_OBJC_LITERAL_CONVERSION = YES;
				CLANG_WARN_OBJC_ROOT_CLASS = YES_ERROR;
				CLANG_WARN_QUOTED_INCLUDE_IN_FRAMEWORK_HEADER = YES;
				CLANG_WARN_RANGE_LOOP_ANALYSIS = YES;
				CLANG_WARN_STRICT_PROTOTYPES = YES;
				CLANG_WARN_SUSPICIOUS_MOVE = YES;
				CLANG_WARN_UNGUARDED_AVAILABILITY = YES_AGGRESSIVE;
				CLANG_WARN_UNREACHABLE_CODE = YES;
				CLANG_WARN__DUPLICATE_METHOD_MATCH = YES;
				COPY_PHASE_STRIP = NO;
				DEBUG_INFORMATION_FORMAT = dwarf;
				ENABLE_STRICT_OBJC_MSGSEND = YES;
				ENABLE_TESTABILITY = YES;
				ENABLE_USER_SCRIPT_SANDBOXING = YES;
				GCC_C_LANGUAGE_STANDARD = gnu17;
				GCC_DYNAMIC_NO_PIC = NO;
				GCC_NO_COMMON_BLOCKS = YES;
				GCC_OPTIMIZATION_LEVEL = 0;
				GCC_PREPROCESSOR_DEFINITIONS = (
					"DEBUG=1",
					"$(inherited)",
				);
				GCC_WARN_64_TO_32_BIT_CONVERSION = YES;
				GCC_WARN_ABOUT_RETURN_TYPE = YES_ERROR;
				GCC_WARN_UNDECLARED_SELECTOR = YES;
				GCC_WARN_UNINITIALIZED_AUTOS = YES_AGGRESSIVE;
				GCC_WARN_UNUSED_FUNCTION = YES;
				GCC_WARN_UNUSED_VARIABLE = YES;
				IPHONEOS_DEPLOYMENT_TARGET = 15.0;
				LOCALIZATION_PREFERS_STRING_CATALOGS = YES;
				MTL_ENABLE_DEBUG_INFO = INCLUDE_SOURCE;
				MTL_FAST_MATH = YES;
				ONLY_ACTIVE_ARCH = YES;
				SDKROOT = iphoneos;
				SWIFT_ACTIVE_COMPILATION_CONDITIONS = "DEBUG $(inherited)";
				SWIFT_OPTIMIZATION_LEVEL = "-Onone";
			};
			name = Debug;
		};
		B4DF886A2C19C7A200C16184 /* Release */ = {
			isa = XCBuildConfiguration;
			buildSettings = {
				ALWAYS_SEARCH_USER_PATHS = NO;
				ASSETCATALOG_COMPILER_GENERATE_SWIFT_ASSET_SYMBOL_EXTENSIONS = YES;
				CLANG_ANALYZER_NONNULL = YES;
				CLANG_ANALYZER_NUMBER_OBJECT_CONVERSION = YES_AGGRESSIVE;
				CLANG_CXX_LANGUAGE_STANDARD = "gnu++20";
				CLANG_ENABLE_MODULES = YES;
				CLANG_ENABLE_OBJC_ARC = YES;
				CLANG_ENABLE_OBJC_WEAK = YES;
				CLANG_WARN_BLOCK_CAPTURE_AUTORELEASING = YES;
				CLANG_WARN_BOOL_CONVERSION = YES;
				CLANG_WARN_COMMA = YES;
				CLANG_WARN_CONSTANT_CONVERSION = YES;
				CLANG_WARN_DEPRECATED_OBJC_IMPLEMENTATIONS = YES;
				CLANG_WARN_DIRECT_OBJC_ISA_USAGE = YES_ERROR;
				CLANG_WARN_DOCUMENTATION_COMMENTS = YES;
				CLANG_WARN_EMPTY_BODY = YES;
				CLANG_WARN_ENUM_CONVERSION = YES;
				CLANG_WARN_INFINITE_RECURSION = YES;
				CLANG_WARN_INT_CONVERSION = YES;
				CLANG_WARN_NON_LITERAL_NULL_CONVERSION = YES;
				CLANG_WARN_OBJC_IMPLICIT_RETAIN_SELF = YES;
				CLANG_WARN_OBJC_LITERAL_CONVERSION = YES;
				CLANG_WARN_OBJC_ROOT_CLASS = YES_ERROR;
				CLANG_WARN_QUOTED_INCLUDE_IN_FRAMEWORK_HEADER = YES;
				CLANG_WARN_RANGE_LOOP_ANALYSIS = YES;
				CLANG_WARN_STRICT_PROTOTYPES = YES;
				CLANG_WARN_SUSPICIOUS_MOVE = YES;
				CLANG_WARN_UNGUARDED_AVAILABILITY = YES_AGGRESSIVE;
				CLANG_WARN_UNREACHABLE_CODE = YES;
				CLANG_WARN__DUPLICATE_METHOD_MATCH = YES;
				COPY_PHASE_STRIP = NO;
				DEBUG_INFORMATION_FORMAT = "dwarf-with-dsym";
				ENABLE_NS_ASSERTIONS = NO;
				ENABLE_STRICT_OBJC_MSGSEND = YES;
				ENABLE_USER_SCRIPT_SANDBOXING = YES;
				GCC_C_LANGUAGE_STANDARD = gnu17;
				GCC_NO_COMMON_BLOCKS = YES;
				GCC_WARN_64_TO_32_BIT_CONVERSION = YES;
				GCC_WARN_ABOUT_RETURN_TYPE = YES_ERROR;
				GCC_WARN_UNDECLARED_SELECTOR = YES;
				GCC_WARN_UNINITIALIZED_AUTOS = YES_AGGRESSIVE;
				GCC_WARN_UNUSED_FUNCTION = YES;
				GCC_WARN_UNUSED_VARIABLE = YES;
				IPHONEOS_DEPLOYMENT_TARGET = 15.0;
				LOCALIZATION_PREFERS_STRING_CATALOGS = YES;
				MTL_ENABLE_DEBUG_INFO = NO;
				MTL_FAST_MATH = YES;
				SDKROOT = iphoneos;
				SWIFT_COMPILATION_MODE = wholemodule;
				VALIDATE_PRODUCT = YES;
			};
			name = Release;
		};
		B4DF886C2C19C7A200C16184 /* Debug */ = {
			isa = XCBuildConfiguration;
			buildSettings = {
				ASSETCATALOG_COMPILER_APPICON_NAME = AppIcon;
				ASSETCATALOG_COMPILER_GLOBAL_ACCENT_COLOR_NAME = AccentColor;
				CODE_SIGN_STYLE = Automatic;
				CURRENT_PROJECT_VERSION = 1;
				DEVELOPMENT_ASSET_PATHS = "CryptoWallet/Preview\\ Content";
				DEVELOPMENT_TEAM = XGXCL6K64U;
				ENABLE_APP_SANDBOX = NO;
				ENABLE_PREVIEWS = YES;
				GENERATE_INFOPLIST_FILE = YES;
				INFOPLIST_FILE = CryptoWallet/Info.plist;
				INFOPLIST_KEY_CFBundleDisplayName = BigBit;
				INFOPLIST_KEY_NSCameraUsageDescription = "Please allow to take profile picture";
				INFOPLIST_KEY_NSPhotoLibraryUsageDescription = "Please allow to upload profile image";
				INFOPLIST_KEY_UIApplicationSceneManifest_Generation = YES;
				INFOPLIST_KEY_UIApplicationSupportsIndirectInputEvents = YES;
				INFOPLIST_KEY_UILaunchScreen_Generation = YES;
				INFOPLIST_KEY_UISupportedInterfaceOrientations = UIInterfaceOrientationPortrait;
				IPHONEOS_DEPLOYMENT_TARGET = 16.0;
				LD_RUNPATH_SEARCH_PATHS = (
					"$(inherited)",
					"@executable_path/Frameworks",
				);
				MARKETING_VERSION = 1.0;
				PRODUCT_BUNDLE_IDENTIFIER = com.TheHunterCode.CryptoWallet;
				PRODUCT_NAME = "$(TARGET_NAME)";
				SWIFT_EMIT_LOC_STRINGS = YES;
				SWIFT_VERSION = 5.0;
				TARGETED_DEVICE_FAMILY = "1,2";
			};
			name = Debug;
		};
		B4DF886D2C19C7A200C16184 /* Release */ = {
			isa = XCBuildConfiguration;
			buildSettings = {
				ASSETCATALOG_COMPILER_APPICON_NAME = AppIcon;
				ASSETCATALOG_COMPILER_GLOBAL_ACCENT_COLOR_NAME = AccentColor;
				CODE_SIGN_STYLE = Automatic;
				CURRENT_PROJECT_VERSION = 1;
				DEVELOPMENT_ASSET_PATHS = "CryptoWallet/Preview\\ Content";
				DEVELOPMENT_TEAM = XGXCL6K64U;
				ENABLE_APP_SANDBOX = NO;
				ENABLE_PREVIEWS = YES;
				GENERATE_INFOPLIST_FILE = YES;
				INFOPLIST_FILE = CryptoWallet/Info.plist;
				INFOPLIST_KEY_CFBundleDisplayName = BigBit;
				INFOPLIST_KEY_NSCameraUsageDescription = "Please allow to take profile picture";
				INFOPLIST_KEY_NSPhotoLibraryUsageDescription = "Please allow to upload profile image";
				INFOPLIST_KEY_UIApplicationSceneManifest_Generation = YES;
				INFOPLIST_KEY_UIApplicationSupportsIndirectInputEvents = YES;
				INFOPLIST_KEY_UILaunchScreen_Generation = YES;
				INFOPLIST_KEY_UISupportedInterfaceOrientations = UIInterfaceOrientationPortrait;
				IPHONEOS_DEPLOYMENT_TARGET = 16.0;
				LD_RUNPATH_SEARCH_PATHS = (
					"$(inherited)",
					"@executable_path/Frameworks",
				);
				MARKETING_VERSION = 1.0;
				PRODUCT_BUNDLE_IDENTIFIER = com.TheHunterCode.CryptoWallet;
				PRODUCT_NAME = "$(TARGET_NAME)";
				SWIFT_EMIT_LOC_STRINGS = YES;
				SWIFT_VERSION = 5.0;
				TARGETED_DEVICE_FAMILY = "1,2";
			};
			name = Release;
		};
/* End XCBuildConfiguration section */

/* Begin XCConfigurationList section */
		B4DF88532C19C7A100C16184 /* Build configuration list for PBXProject "CryptoWallet" */ = {
			isa = XCConfigurationList;
			buildConfigurations = (
				B4DF88692C19C7A200C16184 /* Debug */,
				B4DF886A2C19C7A200C16184 /* Release */,
			);
			defaultConfigurationIsVisible = 0;
			defaultConfigurationName = Release;
		};
		B4DF886B2C19C7A200C16184 /* Build configuration list for PBXNativeTarget "CryptoWallet" */ = {
			isa = XCConfigurationList;
			buildConfigurations = (
				B4DF886C2C19C7A200C16184 /* Debug */,
				B4DF886D2C19C7A200C16184 /* Release */,
			);
			defaultConfigurationIsVisible = 0;
			defaultConfigurationName = Release;
		};
/* End XCConfigurationList section */

/* Begin XCRemoteSwiftPackageReference section */
		B4B02EF52C7A304D00201399 /* XCRemoteSwiftPackageReference "firebase-ios-sdk" */ = {
			isa = XCRemoteSwiftPackageReference;
			repositoryURL = "https://github.com/firebase/firebase-ios-sdk.git";
			requirement = {
				kind = upToNextMajorVersion;
				minimumVersion = 11.0.0;
			};
		};
/* End XCRemoteSwiftPackageReference section */

/* Begin XCSwiftPackageProductDependency section */
		B41860E22C7DEBDD00B89C61 /* FirebaseFirestore */ = {
			isa = XCSwiftPackageProductDependency;
			package = B4B02EF52C7A304D00201399 /* XCRemoteSwiftPackageReference "firebase-ios-sdk" */;
			productName = FirebaseFirestore;
		};
		B435D0282C80D8D500CEC292 /* FirebaseStorage */ = {
			isa = XCSwiftPackageProductDependency;
			package = B4B02EF52C7A304D00201399 /* XCRemoteSwiftPackageReference "firebase-ios-sdk" */;
			productName = FirebaseStorage;
		};
		B4B02EF62C7A304D00201399 /* FirebaseAuth */ = {
			isa = XCSwiftPackageProductDependency;
			package = B4B02EF52C7A304D00201399 /* XCRemoteSwiftPackageReference "firebase-ios-sdk" */;
			productName = FirebaseAuth;
		};
/* End XCSwiftPackageProductDependency section */

/* Begin XCVersionGroup section */
		B4DF88662C19C7A200C16184 /* PortfolioCointainer.xcdatamodeld */ = {
			isa = XCVersionGroup;
			children = (
				B4DF88672C19C7A200C16184 /* CryptoWallet.xcdatamodel */,
			);
			currentVersion = B4DF88672C19C7A200C16184 /* CryptoWallet.xcdatamodel */;
			path = PortfolioCointainer.xcdatamodeld;
			sourceTree = "<group>";
			versionGroupType = wrapper.xcdatamodel;
		};
/* End XCVersionGroup section */
	};
	rootObject = B4DF88502C19C7A100C16184 /* Project object */;
}
